{
  "originHash" : "7008a152218944fc99d53518f15da9d6f8b98b3f9c77a0e24238034f9d5452f5",
  "pins" : [
    {
      "identity" : "processcommand",
      "kind" : "remoteSourceControl",
      "location" : "https://github.com/rsyncOSX/ProcessCommand.git",
      "state" : {
        "branch" : "main",
        "revision" : "32ef8674169d796bd3ccd40a6e4416ff595fa701"
      }
    }
  ],
  "version" : 3
}
